
Microsoft Visual Studio Solution File, Format Version 12.00
# Visual Studio Version 17
VisualStudioVersion = 17.4.33103.184
MinimumVisualStudioVersion = 10.0.40219.1
Project("{FAE04EC0-301F-11D3-BF4B-00C04F79EFBC}") = "VariasNotasComValidacao_1118", "VariasNotasComValidacao_1118.csproj", "{659C91F4-5344-45B7-950F-79A04B4B636F}"
EndProject
Global
	GlobalSection(SolutionConfigurationPlatforms) = preSolution
		Debug|Any CPU = Debug|Any CPU
		Release|Any CPU = Release|Any CPU
	EndGlobalSection
	GlobalSection(ProjectConfigurationPlatforms) = postSolution
		{659C91F4-5344-45B7-950F-79A04B4B636F}.Debug|Any CPU.ActiveCfg = Debug|Any CPU
		{659C91F4-5344-45B7-950F-79A04B4B636F}.Debug|Any CPU.Build.0 = Debug|Any CPU
		{659C91F4-5344-45B7-950F-79A04B4B636F}.Release|Any CPU.ActiveCfg = Release|Any CPU
		{659C91F4-5344-45B7-950F-79A04B4B636F}.Release|Any CPU.Build.0 = Release|Any CPU
	EndGlobalSection
	GlobalSection(SolutionProperties) = preSolution
		HideSolutionNode = FALSE
	EndGlobalSection
	GlobalSection(ExtensibilityGlobals) = postSolution
		SolutionGuid = {D55D2B9E-BF4E-49C3-A5BD-DD8830032AFC}
	EndGlobalSection
EndGlobal
