
Microsoft Visual Studio Solution File, Format Version 12.00
# Visual Studio Version 17
VisualStudioVersion = 17.4.33103.184
MinimumVisualStudioVersion = 10.0.40219.1
Project("{FAE04EC0-301F-11D3-BF4B-00C04F79EFBC}") = "PareImparesPositivosNegativos_1066", "PareImparesPositivosNegativos_1066.csproj", "{B3768200-DAD5-4E5C-911A-3E63B6F42D1F}"
EndProject
Global
	GlobalSection(SolutionConfigurationPlatforms) = preSolution
		Debug|Any CPU = Debug|Any CPU
		Release|Any CPU = Release|Any CPU
	EndGlobalSection
	GlobalSection(ProjectConfigurationPlatforms) = postSolution
		{B3768200-DAD5-4E5C-911A-3E63B6F42D1F}.Debug|Any CPU.ActiveCfg = Debug|Any CPU
		{B3768200-DAD5-4E5C-911A-3E63B6F42D1F}.Debug|Any CPU.Build.0 = Debug|Any CPU
		{B3768200-DAD5-4E5C-911A-3E63B6F42D1F}.Release|Any CPU.ActiveCfg = Release|Any CPU
		{B3768200-DAD5-4E5C-911A-3E63B6F42D1F}.Release|Any CPU.Build.0 = Release|Any CPU
	EndGlobalSection
	GlobalSection(SolutionProperties) = preSolution
		HideSolutionNode = FALSE
	EndGlobalSection
	GlobalSection(ExtensibilityGlobals) = postSolution
		SolutionGuid = {F89EE7F7-7872-4B0C-B946-DA86B86A2F35}
	EndGlobalSection
EndGlobal
