
Microsoft Visual Studio Solution File, Format Version 12.00
# Visual Studio Version 17
VisualStudioVersion = 17.4.33103.184
MinimumVisualStudioVersion = 10.0.40219.1
Project("{FAE04EC0-301F-11D3-BF4B-00C04F79EFBC}") = "Intervalor_1037", "Intervalor_1037.csproj", "{11267460-50D1-445D-8069-F47CBC44E2C5}"
EndProject
Global
	GlobalSection(SolutionConfigurationPlatforms) = preSolution
		Debug|Any CPU = Debug|Any CPU
		Release|Any CPU = Release|Any CPU
	EndGlobalSection
	GlobalSection(ProjectConfigurationPlatforms) = postSolution
		{11267460-50D1-445D-8069-F47CBC44E2C5}.Debug|Any CPU.ActiveCfg = Debug|Any CPU
		{11267460-50D1-445D-8069-F47CBC44E2C5}.Debug|Any CPU.Build.0 = Debug|Any CPU
		{11267460-50D1-445D-8069-F47CBC44E2C5}.Release|Any CPU.ActiveCfg = Release|Any CPU
		{11267460-50D1-445D-8069-F47CBC44E2C5}.Release|Any CPU.Build.0 = Release|Any CPU
	EndGlobalSection
	GlobalSection(SolutionProperties) = preSolution
		HideSolutionNode = FALSE
	EndGlobalSection
	GlobalSection(ExtensibilityGlobals) = postSolution
		SolutionGuid = {7FEAC9D0-A5A8-4C05-86D4-F93C1FA2A92F}
	EndGlobalSection
EndGlobal
