
Microsoft Visual Studio Solution File, Format Version 12.00
# Visual Studio Version 17
VisualStudioVersion = 17.4.33103.184
MinimumVisualStudioVersion = 10.0.40219.1
Project("{FAE04EC0-301F-11D3-BF4B-00C04F79EFBC}") = "ImpostoDeRenda_1051", "ImpostoDeRenda_1051.csproj", "{073A3E21-638D-4FB1-8E59-9E147F3DC780}"
EndProject
Global
	GlobalSection(SolutionConfigurationPlatforms) = preSolution
		Debug|Any CPU = Debug|Any CPU
		Release|Any CPU = Release|Any CPU
	EndGlobalSection
	GlobalSection(ProjectConfigurationPlatforms) = postSolution
		{073A3E21-638D-4FB1-8E59-9E147F3DC780}.Debug|Any CPU.ActiveCfg = Debug|Any CPU
		{073A3E21-638D-4FB1-8E59-9E147F3DC780}.Debug|Any CPU.Build.0 = Debug|Any CPU
		{073A3E21-638D-4FB1-8E59-9E147F3DC780}.Release|Any CPU.ActiveCfg = Release|Any CPU
		{073A3E21-638D-4FB1-8E59-9E147F3DC780}.Release|Any CPU.Build.0 = Release|Any CPU
	EndGlobalSection
	GlobalSection(SolutionProperties) = preSolution
		HideSolutionNode = FALSE
	EndGlobalSection
	GlobalSection(ExtensibilityGlobals) = postSolution
		SolutionGuid = {C4E360F6-BFCD-4450-8A70-967BF8463424}
	EndGlobalSection
EndGlobal
