
Microsoft Visual Studio Solution File, Format Version 12.00
# Visual Studio Version 17
VisualStudioVersion = 17.4.33103.184
MinimumVisualStudioVersion = 10.0.40219.1
Project("{FAE04EC0-301F-11D3-BF4B-00C04F79EFBC}") = "Animal_1049", "Animal_1049.csproj", "{4BDE9B10-1DDF-4FF1-B372-7F8AB8C1A308}"
EndProject
Global
	GlobalSection(SolutionConfigurationPlatforms) = preSolution
		Debug|Any CPU = Debug|Any CPU
		Release|Any CPU = Release|Any CPU
	EndGlobalSection
	GlobalSection(ProjectConfigurationPlatforms) = postSolution
		{4BDE9B10-1DDF-4FF1-B372-7F8AB8C1A308}.Debug|Any CPU.ActiveCfg = Debug|Any CPU
		{4BDE9B10-1DDF-4FF1-B372-7F8AB8C1A308}.Debug|Any CPU.Build.0 = Debug|Any CPU
		{4BDE9B10-1DDF-4FF1-B372-7F8AB8C1A308}.Release|Any CPU.ActiveCfg = Release|Any CPU
		{4BDE9B10-1DDF-4FF1-B372-7F8AB8C1A308}.Release|Any CPU.Build.0 = Release|Any CPU
	EndGlobalSection
	GlobalSection(SolutionProperties) = preSolution
		HideSolutionNode = FALSE
	EndGlobalSection
	GlobalSection(ExtensibilityGlobals) = postSolution
		SolutionGuid = {BE779C40-56FF-40D4-A46C-76F9A8951691}
	EndGlobalSection
EndGlobal
