
Microsoft Visual Studio Solution File, Format Version 12.00
# Visual Studio Version 17
VisualStudioVersion = 17.4.33103.184
MinimumVisualStudioVersion = 10.0.40219.1
Project("{FAE04EC0-301F-11D3-BF4B-00C04F79EFBC}") = "Experiencias_1094", "Experiencias_1094.csproj", "{7D46934D-7BF9-4994-AF81-EEB11734E041}"
EndProject
Global
	GlobalSection(SolutionConfigurationPlatforms) = preSolution
		Debug|Any CPU = Debug|Any CPU
		Release|Any CPU = Release|Any CPU
	EndGlobalSection
	GlobalSection(ProjectConfigurationPlatforms) = postSolution
		{7D46934D-7BF9-4994-AF81-EEB11734E041}.Debug|Any CPU.ActiveCfg = Debug|Any CPU
		{7D46934D-7BF9-4994-AF81-EEB11734E041}.Debug|Any CPU.Build.0 = Debug|Any CPU
		{7D46934D-7BF9-4994-AF81-EEB11734E041}.Release|Any CPU.ActiveCfg = Release|Any CPU
		{7D46934D-7BF9-4994-AF81-EEB11734E041}.Release|Any CPU.Build.0 = Release|Any CPU
	EndGlobalSection
	GlobalSection(SolutionProperties) = preSolution
		HideSolutionNode = FALSE
	EndGlobalSection
	GlobalSection(ExtensibilityGlobals) = postSolution
		SolutionGuid = {3D451B95-72CD-4999-8D17-47070225163A}
	EndGlobalSection
EndGlobal
