
Microsoft Visual Studio Solution File, Format Version 12.00
# Visual Studio Version 17
VisualStudioVersion = 17.4.33103.184
MinimumVisualStudioVersion = 10.0.40219.1
Project("{FAE04EC0-301F-11D3-BF4B-00C04F79EFBC}") = "DistanciaEntreDoisPontos_1015", "DistanciaEntreDoisPontos_1015.csproj", "{EF01FAF3-3EEA-4741-ADE9-B0A204D2511C}"
EndProject
Global
	GlobalSection(SolutionConfigurationPlatforms) = preSolution
		Debug|Any CPU = Debug|Any CPU
		Release|Any CPU = Release|Any CPU
	EndGlobalSection
	GlobalSection(ProjectConfigurationPlatforms) = postSolution
		{EF01FAF3-3EEA-4741-ADE9-B0A204D2511C}.Debug|Any CPU.ActiveCfg = Debug|Any CPU
		{EF01FAF3-3EEA-4741-ADE9-B0A204D2511C}.Debug|Any CPU.Build.0 = Debug|Any CPU
		{EF01FAF3-3EEA-4741-ADE9-B0A204D2511C}.Release|Any CPU.ActiveCfg = Release|Any CPU
		{EF01FAF3-3EEA-4741-ADE9-B0A204D2511C}.Release|Any CPU.Build.0 = Release|Any CPU
	EndGlobalSection
	GlobalSection(SolutionProperties) = preSolution
		HideSolutionNode = FALSE
	EndGlobalSection
	GlobalSection(ExtensibilityGlobals) = postSolution
		SolutionGuid = {A396B8EC-B8BC-4BE8-9D6C-C28E97B44BD9}
	EndGlobalSection
EndGlobal
