
Microsoft Visual Studio Solution File, Format Version 12.00
# Visual Studio Version 17
VisualStudioVersion = 17.4.33103.184
MinimumVisualStudioVersion = 10.0.40219.1
Project("{FAE04EC0-301F-11D3-BF4B-00C04F79EFBC}") = "ParesEntreCincoNumeros_1065", "ParesEntreCincoNumeros_1065.csproj", "{ECC96973-F02C-4CBD-8F2C-7103F2F3C27B}"
EndProject
Global
	GlobalSection(SolutionConfigurationPlatforms) = preSolution
		Debug|Any CPU = Debug|Any CPU
		Release|Any CPU = Release|Any CPU
	EndGlobalSection
	GlobalSection(ProjectConfigurationPlatforms) = postSolution
		{ECC96973-F02C-4CBD-8F2C-7103F2F3C27B}.Debug|Any CPU.ActiveCfg = Debug|Any CPU
		{ECC96973-F02C-4CBD-8F2C-7103F2F3C27B}.Debug|Any CPU.Build.0 = Debug|Any CPU
		{ECC96973-F02C-4CBD-8F2C-7103F2F3C27B}.Release|Any CPU.ActiveCfg = Release|Any CPU
		{ECC96973-F02C-4CBD-8F2C-7103F2F3C27B}.Release|Any CPU.Build.0 = Release|Any CPU
	EndGlobalSection
	GlobalSection(SolutionProperties) = preSolution
		HideSolutionNode = FALSE
	EndGlobalSection
	GlobalSection(ExtensibilityGlobals) = postSolution
		SolutionGuid = {8BDD08EB-59D6-49F8-B49D-6ED7132157F1}
	EndGlobalSection
EndGlobal
