
Microsoft Visual Studio Solution File, Format Version 12.00
# Visual Studio Version 17
VisualStudioVersion = 17.4.33103.184
MinimumVisualStudioVersion = 10.0.40219.1
Project("{FAE04EC0-301F-11D3-BF4B-00C04F79EFBC}") = "Distancia_1016", "Distancia_1016.csproj", "{DD392A39-A91E-493B-AABF-4759EFABA676}"
EndProject
Global
	GlobalSection(SolutionConfigurationPlatforms) = preSolution
		Debug|Any CPU = Debug|Any CPU
		Release|Any CPU = Release|Any CPU
	EndGlobalSection
	GlobalSection(ProjectConfigurationPlatforms) = postSolution
		{DD392A39-A91E-493B-AABF-4759EFABA676}.Debug|Any CPU.ActiveCfg = Debug|Any CPU
		{DD392A39-A91E-493B-AABF-4759EFABA676}.Debug|Any CPU.Build.0 = Debug|Any CPU
		{DD392A39-A91E-493B-AABF-4759EFABA676}.Release|Any CPU.ActiveCfg = Release|Any CPU
		{DD392A39-A91E-493B-AABF-4759EFABA676}.Release|Any CPU.Build.0 = Release|Any CPU
	EndGlobalSection
	GlobalSection(SolutionProperties) = preSolution
		HideSolutionNode = FALSE
	EndGlobalSection
	GlobalSection(ExtensibilityGlobals) = postSolution
		SolutionGuid = {6A2854AD-2CA6-4380-AB76-7AF99E4D3773}
	EndGlobalSection
EndGlobal
