
Microsoft Visual Studio Solution File, Format Version 12.00
# Visual Studio Version 17
VisualStudioVersion = 17.4.33103.184
MinimumVisualStudioVersion = 10.0.40219.1
Project("{FAE04EC0-301F-11D3-BF4B-00C04F79EFBC}") = "SquenciaIJ1_1095", "SquenciaIJ1_1095.csproj", "{4738C6EA-A3DE-46CA-AE6A-62F4B19D011E}"
EndProject
Global
	GlobalSection(SolutionConfigurationPlatforms) = preSolution
		Debug|Any CPU = Debug|Any CPU
		Release|Any CPU = Release|Any CPU
	EndGlobalSection
	GlobalSection(ProjectConfigurationPlatforms) = postSolution
		{4738C6EA-A3DE-46CA-AE6A-62F4B19D011E}.Debug|Any CPU.ActiveCfg = Debug|Any CPU
		{4738C6EA-A3DE-46CA-AE6A-62F4B19D011E}.Debug|Any CPU.Build.0 = Debug|Any CPU
		{4738C6EA-A3DE-46CA-AE6A-62F4B19D011E}.Release|Any CPU.ActiveCfg = Release|Any CPU
		{4738C6EA-A3DE-46CA-AE6A-62F4B19D011E}.Release|Any CPU.Build.0 = Release|Any CPU
	EndGlobalSection
	GlobalSection(SolutionProperties) = preSolution
		HideSolutionNode = FALSE
	EndGlobalSection
	GlobalSection(ExtensibilityGlobals) = postSolution
		SolutionGuid = {56627FEB-A2EC-46E2-92F9-A97A27E20AE5}
	EndGlobalSection
EndGlobal
