
Microsoft Visual Studio Solution File, Format Version 12.00
# Visual Studio Version 17
VisualStudioVersion = 17.4.33103.184
MinimumVisualStudioVersion = 10.0.40219.1
Project("{FAE04EC0-301F-11D3-BF4B-00C04F79EFBC}") = "MediasPonderadas_1079", "MediasPonderadas_1079.csproj", "{60EFC6E4-31A2-453E-8E8A-FFF4D0514E8C}"
EndProject
Global
	GlobalSection(SolutionConfigurationPlatforms) = preSolution
		Debug|Any CPU = Debug|Any CPU
		Release|Any CPU = Release|Any CPU
	EndGlobalSection
	GlobalSection(ProjectConfigurationPlatforms) = postSolution
		{60EFC6E4-31A2-453E-8E8A-FFF4D0514E8C}.Debug|Any CPU.ActiveCfg = Debug|Any CPU
		{60EFC6E4-31A2-453E-8E8A-FFF4D0514E8C}.Debug|Any CPU.Build.0 = Debug|Any CPU
		{60EFC6E4-31A2-453E-8E8A-FFF4D0514E8C}.Release|Any CPU.ActiveCfg = Release|Any CPU
		{60EFC6E4-31A2-453E-8E8A-FFF4D0514E8C}.Release|Any CPU.Build.0 = Release|Any CPU
	EndGlobalSection
	GlobalSection(SolutionProperties) = preSolution
		HideSolutionNode = FALSE
	EndGlobalSection
	GlobalSection(ExtensibilityGlobals) = postSolution
		SolutionGuid = {A8A3C149-7711-47F6-AA92-A3A9763648C6}
	EndGlobalSection
EndGlobal
