
Microsoft Visual Studio Solution File, Format Version 12.00
# Visual Studio Version 17
VisualStudioVersion = 17.4.33103.184
MinimumVisualStudioVersion = 10.0.40219.1
Project("{FAE04EC0-301F-11D3-BF4B-00C04F79EFBC}") = "CalculoSimples_1010", "CalculoSimples_1010.csproj", "{2A4B3899-D51A-424B-9485-B55E607DBECA}"
EndProject
Global
	GlobalSection(SolutionConfigurationPlatforms) = preSolution
		Debug|Any CPU = Debug|Any CPU
		Release|Any CPU = Release|Any CPU
	EndGlobalSection
	GlobalSection(ProjectConfigurationPlatforms) = postSolution
		{2A4B3899-D51A-424B-9485-B55E607DBECA}.Debug|Any CPU.ActiveCfg = Debug|Any CPU
		{2A4B3899-D51A-424B-9485-B55E607DBECA}.Debug|Any CPU.Build.0 = Debug|Any CPU
		{2A4B3899-D51A-424B-9485-B55E607DBECA}.Release|Any CPU.ActiveCfg = Release|Any CPU
		{2A4B3899-D51A-424B-9485-B55E607DBECA}.Release|Any CPU.Build.0 = Release|Any CPU
	EndGlobalSection
	GlobalSection(SolutionProperties) = preSolution
		HideSolutionNode = FALSE
	EndGlobalSection
	GlobalSection(ExtensibilityGlobals) = postSolution
		SolutionGuid = {13E6DA40-9AA5-4B13-AEFE-D40FFC4189DC}
	EndGlobalSection
EndGlobal
