
Microsoft Visual Studio Solution File, Format Version 12.00
# Visual Studio Version 17
VisualStudioVersion = 17.4.33103.184
MinimumVisualStudioVersion = 10.0.40219.1
Project("{FAE04EC0-301F-11D3-BF4B-00C04F79EFBC}") = "Triangulo_1043", "Triangulo_1043.csproj", "{7B7F82AF-047D-41E7-B765-6F48B373FC88}"
EndProject
Global
	GlobalSection(SolutionConfigurationPlatforms) = preSolution
		Debug|Any CPU = Debug|Any CPU
		Release|Any CPU = Release|Any CPU
	EndGlobalSection
	GlobalSection(ProjectConfigurationPlatforms) = postSolution
		{7B7F82AF-047D-41E7-B765-6F48B373FC88}.Debug|Any CPU.ActiveCfg = Debug|Any CPU
		{7B7F82AF-047D-41E7-B765-6F48B373FC88}.Debug|Any CPU.Build.0 = Debug|Any CPU
		{7B7F82AF-047D-41E7-B765-6F48B373FC88}.Release|Any CPU.ActiveCfg = Release|Any CPU
		{7B7F82AF-047D-41E7-B765-6F48B373FC88}.Release|Any CPU.Build.0 = Release|Any CPU
	EndGlobalSection
	GlobalSection(SolutionProperties) = preSolution
		HideSolutionNode = FALSE
	EndGlobalSection
	GlobalSection(ExtensibilityGlobals) = postSolution
		SolutionGuid = {5164A19C-3613-47A4-9566-74584FEF9223}
	EndGlobalSection
EndGlobal
