
Microsoft Visual Studio Solution File, Format Version 12.00
# Visual Studio Version 17
VisualStudioVersion = 17.4.33103.184
MinimumVisualStudioVersion = 10.0.40219.1
Project("{FAE04EC0-301F-11D3-BF4B-00C04F79EFBC}") = "AumentoDeSalario_1048", "AumentoDeSalario_1048.csproj", "{A40369CC-79D4-47E9-801E-CB15C11DCCAF}"
EndProject
Global
	GlobalSection(SolutionConfigurationPlatforms) = preSolution
		Debug|Any CPU = Debug|Any CPU
		Release|Any CPU = Release|Any CPU
	EndGlobalSection
	GlobalSection(ProjectConfigurationPlatforms) = postSolution
		{A40369CC-79D4-47E9-801E-CB15C11DCCAF}.Debug|Any CPU.ActiveCfg = Debug|Any CPU
		{A40369CC-79D4-47E9-801E-CB15C11DCCAF}.Debug|Any CPU.Build.0 = Debug|Any CPU
		{A40369CC-79D4-47E9-801E-CB15C11DCCAF}.Release|Any CPU.ActiveCfg = Release|Any CPU
		{A40369CC-79D4-47E9-801E-CB15C11DCCAF}.Release|Any CPU.Build.0 = Release|Any CPU
	EndGlobalSection
	GlobalSection(SolutionProperties) = preSolution
		HideSolutionNode = FALSE
	EndGlobalSection
	GlobalSection(ExtensibilityGlobals) = postSolution
		SolutionGuid = {56BD687E-A7F5-435D-9A97-EA72363B5E63}
	EndGlobalSection
EndGlobal
