
Microsoft Visual Studio Solution File, Format Version 12.00
# Visual Studio Version 17
VisualStudioVersion = 17.4.33103.184
MinimumVisualStudioVersion = 10.0.40219.1
Project("{FAE04EC0-301F-11D3-BF4B-00C04F79EFBC}") = "SomadeImparesConsecutivosl_1071", "SomadeImparesConsecutivosl_1071.csproj", "{BE9887E9-987D-4CA2-A65A-F9BEADB8CD00}"
EndProject
Global
	GlobalSection(SolutionConfigurationPlatforms) = preSolution
		Debug|Any CPU = Debug|Any CPU
		Release|Any CPU = Release|Any CPU
	EndGlobalSection
	GlobalSection(ProjectConfigurationPlatforms) = postSolution
		{BE9887E9-987D-4CA2-A65A-F9BEADB8CD00}.Debug|Any CPU.ActiveCfg = Debug|Any CPU
		{BE9887E9-987D-4CA2-A65A-F9BEADB8CD00}.Debug|Any CPU.Build.0 = Debug|Any CPU
		{BE9887E9-987D-4CA2-A65A-F9BEADB8CD00}.Release|Any CPU.ActiveCfg = Release|Any CPU
		{BE9887E9-987D-4CA2-A65A-F9BEADB8CD00}.Release|Any CPU.Build.0 = Release|Any CPU
	EndGlobalSection
	GlobalSection(SolutionProperties) = preSolution
		HideSolutionNode = FALSE
	EndGlobalSection
	GlobalSection(ExtensibilityGlobals) = postSolution
		SolutionGuid = {EAA59D84-EB84-453F-8856-847A5AF4BF82}
	EndGlobalSection
EndGlobal
