
Microsoft Visual Studio Solution File, Format Version 12.00
# Visual Studio Version 17
VisualStudioVersion = 17.4.33103.184
MinimumVisualStudioVersion = 10.0.40219.1
Project("{FAE04EC0-301F-11D3-BF4B-00C04F79EFBC}") = "SequenciaIJ3_1097", "SequenciaIJ3_1097.csproj", "{B80C82D6-422C-4461-8A91-53BF87F0A4E8}"
EndProject
Global
	GlobalSection(SolutionConfigurationPlatforms) = preSolution
		Debug|Any CPU = Debug|Any CPU
		Release|Any CPU = Release|Any CPU
	EndGlobalSection
	GlobalSection(ProjectConfigurationPlatforms) = postSolution
		{B80C82D6-422C-4461-8A91-53BF87F0A4E8}.Debug|Any CPU.ActiveCfg = Debug|Any CPU
		{B80C82D6-422C-4461-8A91-53BF87F0A4E8}.Debug|Any CPU.Build.0 = Debug|Any CPU
		{B80C82D6-422C-4461-8A91-53BF87F0A4E8}.Release|Any CPU.ActiveCfg = Release|Any CPU
		{B80C82D6-422C-4461-8A91-53BF87F0A4E8}.Release|Any CPU.Build.0 = Release|Any CPU
	EndGlobalSection
	GlobalSection(SolutionProperties) = preSolution
		HideSolutionNode = FALSE
	EndGlobalSection
	GlobalSection(ExtensibilityGlobals) = postSolution
		SolutionGuid = {140B1B58-3193-48F7-8D18-ECD89640ABD3}
	EndGlobalSection
EndGlobal
