
Microsoft Visual Studio Solution File, Format Version 12.00
# Visual Studio Version 17
VisualStudioVersion = 17.4.33103.184
MinimumVisualStudioVersion = 10.0.40219.1
Project("{FAE04EC0-301F-11D3-BF4B-00C04F79EFBC}") = "ConversaoDeTempo_1019", "ConversaoDeTempo_1019.csproj", "{7ADBFC8B-32E7-4DCE-946A-67E4280E76CF}"
EndProject
Global
	GlobalSection(SolutionConfigurationPlatforms) = preSolution
		Debug|Any CPU = Debug|Any CPU
		Release|Any CPU = Release|Any CPU
	EndGlobalSection
	GlobalSection(ProjectConfigurationPlatforms) = postSolution
		{7ADBFC8B-32E7-4DCE-946A-67E4280E76CF}.Debug|Any CPU.ActiveCfg = Debug|Any CPU
		{7ADBFC8B-32E7-4DCE-946A-67E4280E76CF}.Debug|Any CPU.Build.0 = Debug|Any CPU
		{7ADBFC8B-32E7-4DCE-946A-67E4280E76CF}.Release|Any CPU.ActiveCfg = Release|Any CPU
		{7ADBFC8B-32E7-4DCE-946A-67E4280E76CF}.Release|Any CPU.Build.0 = Release|Any CPU
	EndGlobalSection
	GlobalSection(SolutionProperties) = preSolution
		HideSolutionNode = FALSE
	EndGlobalSection
	GlobalSection(ExtensibilityGlobals) = postSolution
		SolutionGuid = {BAEBA8C6-591B-44BE-BB55-66E47E9DFE04}
	EndGlobalSection
EndGlobal
